lockfileVersion: '9.0'

settings:
  autoInstallPeers: true
  excludeLinksFromLockfile: false

importers:

  .:
    dependencies:
      todomvc-app-css:
        specifier: ^2.4.3
        version: 2.4.3

packages:

  todomvc-app-css@2.4.3:
    resolution: {integrity: sha512-mSnWZaKBWj9aQcFRsGguY/a8O8NR8GmecD48yU1rzwNemgZa/INLpIsxxMiToFGVth+uEKBrQ7IhWkaXZxwq5Q==}
    engines: {node: '>=4'}

snapshots:

  todomvc-app-css@2.4.3: {}
